
Microsoft Visual Studio Solution File, Format Version 12.00
# Visual Studio Version 16
VisualStudioVersion = 16.0.28917.181
MinimumVisualStudioVersion = 10.0.40219.1
Project("{9A19103F-16F7-4668-BE54-9A1E7A4F7556}") = "DAL", "DAL\DAL.csproj", "{E4831929-AC17-4D76-83C7-3B7EE787A76D}"
EndProject
Project("{9A19103F-16F7-4668-BE54-9A1E7A4F7556}") = "BLL", "BLL\BLL.csproj", "{FE957175-181C-4E52-A74D-2BD773C0A858}"
EndProject
Project("{9A19103F-16F7-4668-BE54-9A1E7A4F7556}") = "WebApi", "WebApi\WebApi.csproj", "{23697C0A-619F-428C-B4BF-FE306D70952F}"
EndProject
Project("{2150E333-8FDC-42A3-9474-1A3956D46DE8}") = "SolutionItems", "SolutionItems", "{26429E2F-589C-4305-82C1-34DCDA5E2807}"
	ProjectSection(SolutionItems) = preProject
		API.yml = API.yml
		App-Cluster.yml = App-Cluster.yml
		IAM.yml = IAM.yml
		Infra.yml = Infra.yml
	EndProjectSection
EndProject
Project("{9A19103F-16F7-4668-BE54-9A1E7A4F7556}") = "Domain", "Domain\Domain.csproj", "{6BD6A46D-B316-48F1-A047-38EEE89D63F8}"
EndProject
Project("{FAE04EC0-301F-11D3-BF4B-00C04F79EFBC}") = "OnlineStoreApi", "OnlineStoreApi\OnlineStoreApi.csproj", "{9BEC02A8-DA2E-4C81-B1CB-74E5FB40EAA1}"
EndProject
Global
	GlobalSection(SolutionConfigurationPlatforms) = preSolution
		Debug|Any CPU = Debug|Any CPU
		Release|Any CPU = Release|Any CPU
	EndGlobalSection
	GlobalSection(ProjectConfigurationPlatforms) = postSolution
		{E4831929-AC17-4D76-83C7-3B7EE787A76D}.Debug|Any CPU.ActiveCfg = Debug|Any CPU
		{E4831929-AC17-4D76-83C7-3B7EE787A76D}.Debug|Any CPU.Build.0 = Debug|Any CPU
		{E4831929-AC17-4D76-83C7-3B7EE787A76D}.Release|Any CPU.ActiveCfg = Release|Any CPU
		{E4831929-AC17-4D76-83C7-3B7EE787A76D}.Release|Any CPU.Build.0 = Release|Any CPU
		{FE957175-181C-4E52-A74D-2BD773C0A858}.Debug|Any CPU.ActiveCfg = Debug|Any CPU
		{FE957175-181C-4E52-A74D-2BD773C0A858}.Debug|Any CPU.Build.0 = Debug|Any CPU
		{FE957175-181C-4E52-A74D-2BD773C0A858}.Release|Any CPU.ActiveCfg = Release|Any CPU
		{FE957175-181C-4E52-A74D-2BD773C0A858}.Release|Any CPU.Build.0 = Release|Any CPU
		{23697C0A-619F-428C-B4BF-FE306D70952F}.Debug|Any CPU.ActiveCfg = Debug|Any CPU
		{23697C0A-619F-428C-B4BF-FE306D70952F}.Debug|Any CPU.Build.0 = Debug|Any CPU
		{23697C0A-619F-428C-B4BF-FE306D70952F}.Release|Any CPU.ActiveCfg = Release|Any CPU
		{23697C0A-619F-428C-B4BF-FE306D70952F}.Release|Any CPU.Build.0 = Release|Any CPU
		{6BD6A46D-B316-48F1-A047-38EEE89D63F8}.Debug|Any CPU.ActiveCfg = Debug|Any CPU
		{6BD6A46D-B316-48F1-A047-38EEE89D63F8}.Debug|Any CPU.Build.0 = Debug|Any CPU
		{6BD6A46D-B316-48F1-A047-38EEE89D63F8}.Release|Any CPU.ActiveCfg = Release|Any CPU
		{6BD6A46D-B316-48F1-A047-38EEE89D63F8}.Release|Any CPU.Build.0 = Release|Any CPU
		{9BEC02A8-DA2E-4C81-B1CB-74E5FB40EAA1}.Debug|Any CPU.ActiveCfg = Debug|Any CPU
		{9BEC02A8-DA2E-4C81-B1CB-74E5FB40EAA1}.Debug|Any CPU.Build.0 = Debug|Any CPU
		{9BEC02A8-DA2E-4C81-B1CB-74E5FB40EAA1}.Release|Any CPU.ActiveCfg = Release|Any CPU
		{9BEC02A8-DA2E-4C81-B1CB-74E5FB40EAA1}.Release|Any CPU.Build.0 = Release|Any CPU
	EndGlobalSection
	GlobalSection(SolutionProperties) = preSolution
		HideSolutionNode = FALSE
	EndGlobalSection
	GlobalSection(ExtensibilityGlobals) = postSolution
		SolutionGuid = {684E39C6-0EEC-423C-B9DB-AB1D892F3D28}
	EndGlobalSection
EndGlobal
